
Microsoft Visual Studio Solution File, Format Version 12.00
# Visual Studio Version 17
VisualStudioVersion = 17.2.32526.322
MinimumVisualStudioVersion = 10.0.40219.1
Project("{9A19103F-16F7-4668-BE54-9A1E7A4F7556}") = "Yup.BulkProcess", "src\Yup.BulkProcess\Yup.BulkProcess.csproj", "{ACB77D0B-4AF7-468B-9140-D349C166C2F6}"
EndProject
Project("{9A19103F-16F7-4668-BE54-9A1E7A4F7556}") = "Yup.Soporte.Api", "src\Yup.Soporte.Api\Yup.Soporte.Api.csproj", "{FA91FF3F-FB55-40DF-9805-BC3EDE50650A}"
EndProject
Project("{9A19103F-16F7-4668-BE54-9A1E7A4F7556}") = "Yup.Student.BulkProcess", "src\Yup.Student.BulkProcess\Yup.Student.BulkProcess.csproj", "{1A5C72FC-43E6-4E7E-BA76-D45D8DC3AB1F}"
EndProject
Project("{2150E333-8FDC-42A3-9474-1A3956D46DE8}") = "03 Transversal", "03 Transversal", "{77C45324-05EA-4F03-9278-B6FCF5295D53}"
EndProject
Project("{2150E333-8FDC-42A3-9474-1A3956D46DE8}") = "02 Services", "02 Services", "{0435D8CB-8579-4166-92BA-C02E424F1099}"
EndProject
Project("{9A19103F-16F7-4668-BE54-9A1E7A4F7556}") = "Yup.BulkProcess.Test", "test\Yup.BulkProcess.Test\Yup.BulkProcess.Test.csproj", "{659F89D8-75CD-4350-93ED-C3E1D0B63C9A}"
EndProject
Project("{2150E333-8FDC-42A3-9474-1A3956D46DE8}") = "Student", "Student", "{2627038A-1156-47BE-8113-18ABC0FE87AE}"
EndProject
Project("{2150E333-8FDC-42A3-9474-1A3956D46DE8}") = "Soporte", "Soporte", "{1E57446F-A742-4E53-BD9C-63748EDA19E9}"
EndProject
Project("{9A19103F-16F7-4668-BE54-9A1E7A4F7556}") = "Yup.Enumerados", "src\Yup.Enumerados\Yup.Enumerados.csproj", "{075D004B-472A-4FA9-A60C-C04F7F7AC0E5}"
EndProject
Project("{2150E333-8FDC-42A3-9474-1A3956D46DE8}") = "Solution Items", "Solution Items", "{1E20EC36-A28D-44FF-A26B-3E0846661347}"
	ProjectSection(SolutionItems) = preProject
		.editorconfig = .editorconfig
	EndProjectSection
EndProject
Project("{9A19103F-16F7-4668-BE54-9A1E7A4F7556}") = "Yup.Soporte.Domain", "src\Yup.Soporte.Domain\Yup.Soporte.Domain.csproj", "{D7D712AD-1556-4BE7-9A90-DB8AFACA413A}"
EndProject
Project("{9A19103F-16F7-4668-BE54-9A1E7A4F7556}") = "Yup.Validation", "src\Yup.Validation\Yup.Validation.csproj", "{E3EC2FA7-219D-449A-A8D7-0AA2E87A51F7}"
EndProject
Project("{9A19103F-16F7-4668-BE54-9A1E7A4F7556}") = "Yup.BulkProcess.Contracts", "src\Yup.BulkProcess.Contracts\Yup.BulkProcess.Contracts.csproj", "{38D504C2-DF0D-4524-869D-A4E874FFE1E3}"
EndProject
Project("{9A19103F-16F7-4668-BE54-9A1E7A4F7556}") = "Yup.Soporte.Infrastructure", "src\Yup.Soporte.Infrastructure\Yup.Soporte.Infrastructure.csproj", "{07828510-8C21-45D6-845D-D894A412018E}"
EndProject
Project("{FAE04EC0-301F-11D3-BF4B-00C04F79EFBC}") = "Yup.Student.Domain", "src\Yup.Student.Domain\Yup.Student.Domain.csproj", "{ED59ED7A-7BCD-42EC-A954-1C201FD20F7A}"
EndProject
Global
	GlobalSection(SolutionConfigurationPlatforms) = preSolution
		Debug|Any CPU = Debug|Any CPU
		Release|Any CPU = Release|Any CPU
	EndGlobalSection
	GlobalSection(ProjectConfigurationPlatforms) = postSolution
		{ACB77D0B-4AF7-468B-9140-D349C166C2F6}.Debug|Any CPU.ActiveCfg = Debug|Any CPU
		{ACB77D0B-4AF7-468B-9140-D349C166C2F6}.Debug|Any CPU.Build.0 = Debug|Any CPU
		{ACB77D0B-4AF7-468B-9140-D349C166C2F6}.Release|Any CPU.ActiveCfg = Release|Any CPU
		{ACB77D0B-4AF7-468B-9140-D349C166C2F6}.Release|Any CPU.Build.0 = Release|Any CPU
		{FA91FF3F-FB55-40DF-9805-BC3EDE50650A}.Debug|Any CPU.ActiveCfg = Debug|Any CPU
		{FA91FF3F-FB55-40DF-9805-BC3EDE50650A}.Debug|Any CPU.Build.0 = Debug|Any CPU
		{FA91FF3F-FB55-40DF-9805-BC3EDE50650A}.Release|Any CPU.ActiveCfg = Release|Any CPU
		{FA91FF3F-FB55-40DF-9805-BC3EDE50650A}.Release|Any CPU.Build.0 = Release|Any CPU
		{1A5C72FC-43E6-4E7E-BA76-D45D8DC3AB1F}.Debug|Any CPU.ActiveCfg = Debug|Any CPU
		{1A5C72FC-43E6-4E7E-BA76-D45D8DC3AB1F}.Debug|Any CPU.Build.0 = Debug|Any CPU
		{1A5C72FC-43E6-4E7E-BA76-D45D8DC3AB1F}.Release|Any CPU.ActiveCfg = Release|Any CPU
		{1A5C72FC-43E6-4E7E-BA76-D45D8DC3AB1F}.Release|Any CPU.Build.0 = Release|Any CPU
		{659F89D8-75CD-4350-93ED-C3E1D0B63C9A}.Debug|Any CPU.ActiveCfg = Debug|Any CPU
		{659F89D8-75CD-4350-93ED-C3E1D0B63C9A}.Debug|Any CPU.Build.0 = Debug|Any CPU
		{659F89D8-75CD-4350-93ED-C3E1D0B63C9A}.Release|Any CPU.ActiveCfg = Release|Any CPU
		{659F89D8-75CD-4350-93ED-C3E1D0B63C9A}.Release|Any CPU.Build.0 = Release|Any CPU
		{075D004B-472A-4FA9-A60C-C04F7F7AC0E5}.Debug|Any CPU.ActiveCfg = Debug|Any CPU
		{075D004B-472A-4FA9-A60C-C04F7F7AC0E5}.Debug|Any CPU.Build.0 = Debug|Any CPU
		{075D004B-472A-4FA9-A60C-C04F7F7AC0E5}.Release|Any CPU.ActiveCfg = Release|Any CPU
		{075D004B-472A-4FA9-A60C-C04F7F7AC0E5}.Release|Any CPU.Build.0 = Release|Any CPU
		{D7D712AD-1556-4BE7-9A90-DB8AFACA413A}.Debug|Any CPU.ActiveCfg = Debug|Any CPU
		{D7D712AD-1556-4BE7-9A90-DB8AFACA413A}.Debug|Any CPU.Build.0 = Debug|Any CPU
		{D7D712AD-1556-4BE7-9A90-DB8AFACA413A}.Release|Any CPU.ActiveCfg = Release|Any CPU
		{D7D712AD-1556-4BE7-9A90-DB8AFACA413A}.Release|Any CPU.Build.0 = Release|Any CPU
		{E3EC2FA7-219D-449A-A8D7-0AA2E87A51F7}.Debug|Any CPU.ActiveCfg = Debug|Any CPU
		{E3EC2FA7-219D-449A-A8D7-0AA2E87A51F7}.Debug|Any CPU.Build.0 = Debug|Any CPU
		{E3EC2FA7-219D-449A-A8D7-0AA2E87A51F7}.Release|Any CPU.ActiveCfg = Release|Any CPU
		{E3EC2FA7-219D-449A-A8D7-0AA2E87A51F7}.Release|Any CPU.Build.0 = Release|Any CPU
		{38D504C2-DF0D-4524-869D-A4E874FFE1E3}.Debug|Any CPU.ActiveCfg = Debug|Any CPU
		{38D504C2-DF0D-4524-869D-A4E874FFE1E3}.Debug|Any CPU.Build.0 = Debug|Any CPU
		{38D504C2-DF0D-4524-869D-A4E874FFE1E3}.Release|Any CPU.ActiveCfg = Release|Any CPU
		{38D504C2-DF0D-4524-869D-A4E874FFE1E3}.Release|Any CPU.Build.0 = Release|Any CPU
		{07828510-8C21-45D6-845D-D894A412018E}.Debug|Any CPU.ActiveCfg = Debug|Any CPU
		{07828510-8C21-45D6-845D-D894A412018E}.Debug|Any CPU.Build.0 = Debug|Any CPU
		{07828510-8C21-45D6-845D-D894A412018E}.Release|Any CPU.ActiveCfg = Release|Any CPU
		{07828510-8C21-45D6-845D-D894A412018E}.Release|Any CPU.Build.0 = Release|Any CPU
		{ED59ED7A-7BCD-42EC-A954-1C201FD20F7A}.Debug|Any CPU.ActiveCfg = Debug|Any CPU
		{ED59ED7A-7BCD-42EC-A954-1C201FD20F7A}.Debug|Any CPU.Build.0 = Debug|Any CPU
		{ED59ED7A-7BCD-42EC-A954-1C201FD20F7A}.Release|Any CPU.ActiveCfg = Release|Any CPU
		{ED59ED7A-7BCD-42EC-A954-1C201FD20F7A}.Release|Any CPU.Build.0 = Release|Any CPU
	EndGlobalSection
	GlobalSection(SolutionProperties) = preSolution
		HideSolutionNode = FALSE
	EndGlobalSection
	GlobalSection(NestedProjects) = preSolution
		{ACB77D0B-4AF7-468B-9140-D349C166C2F6} = {77C45324-05EA-4F03-9278-B6FCF5295D53}
		{FA91FF3F-FB55-40DF-9805-BC3EDE50650A} = {1E57446F-A742-4E53-BD9C-63748EDA19E9}
		{1A5C72FC-43E6-4E7E-BA76-D45D8DC3AB1F} = {2627038A-1156-47BE-8113-18ABC0FE87AE}
		{659F89D8-75CD-4350-93ED-C3E1D0B63C9A} = {77C45324-05EA-4F03-9278-B6FCF5295D53}
		{2627038A-1156-47BE-8113-18ABC0FE87AE} = {0435D8CB-8579-4166-92BA-C02E424F1099}
		{1E57446F-A742-4E53-BD9C-63748EDA19E9} = {0435D8CB-8579-4166-92BA-C02E424F1099}
		{075D004B-472A-4FA9-A60C-C04F7F7AC0E5} = {77C45324-05EA-4F03-9278-B6FCF5295D53}
		{D7D712AD-1556-4BE7-9A90-DB8AFACA413A} = {1E57446F-A742-4E53-BD9C-63748EDA19E9}
		{E3EC2FA7-219D-449A-A8D7-0AA2E87A51F7} = {77C45324-05EA-4F03-9278-B6FCF5295D53}
		{38D504C2-DF0D-4524-869D-A4E874FFE1E3} = {77C45324-05EA-4F03-9278-B6FCF5295D53}
		{07828510-8C21-45D6-845D-D894A412018E} = {1E57446F-A742-4E53-BD9C-63748EDA19E9}
		{ED59ED7A-7BCD-42EC-A954-1C201FD20F7A} = {2627038A-1156-47BE-8113-18ABC0FE87AE}
	EndGlobalSection
	GlobalSection(ExtensibilityGlobals) = postSolution
		SolutionGuid = {F52EABAA-84CB-428A-9A21-97F697B28A16}
	EndGlobalSection
EndGlobal
